<?xml version="1.0" encoding="utf-8"?>
<Project ToolsVersion="17.0" xmlns="http://schemas.microsoft.com/developer/msbuild/2003">
  <ItemGroup>
    <ClCompile Include="C:\projects\nfc_preliminary\Source\adjoint\src\AdjointStateSpace.cpp">
      <Filter>Source Files</Filter>
    </ClCompile>
    <ClCompile Include="C:\projects\nfc_preliminary\Source\adjoint\src\Jacobians.cpp">
      <Filter>Source Files</Filter>
    </ClCompile>
  </ItemGroup>
  <ItemGroup>
    <ClInclude Include="C:\projects\nfc_preliminary\Source\adjoint\include\AdjointStateSpace.h">
      <Filter>Header Files</Filter>
    </ClInclude>
    <ClInclude Include="C:\projects\nfc_preliminary\Source\adjoint\include\Jacobians.h">
      <Filter>Header Files</Filter>
    </ClInclude>
    <ClInclude Include="C:\projects\nfc_preliminary\Source\adjoint\include\trapz_step.h">
      <Filter>Header Files</Filter>
    </ClInclude>
  </ItemGroup>
  <ItemGroup>
    <CustomBuild Include="C:\projects\nfc_preliminary\Source\adjoint\CMakeLists.txt" />
  </ItemGroup>
  <ItemGroup>
    <Filter Include="Header Files">
      <UniqueIdentifier>{BE235F12-994B-342E-A7FA-5DD75C1CBB34}</UniqueIdentifier>
    </Filter>
    <Filter Include="Source Files">
      <UniqueIdentifier>{6DC59835-5337-31F1-B70E-625B9B4C18AB}</UniqueIdentifier>
    </Filter>
  </ItemGroup>
</Project>
