<?xml version="1.0" encoding="utf-8"?>
<Project ToolsVersion="17.0" xmlns="http://schemas.microsoft.com/developer/msbuild/2003">
  <ItemGroup>
    <ClCompile Include="C:\projects\nfc_preliminary\adjoint_tests\src\2-autodiff_vs_centraldiff.cpp">
      <Filter>Source Files</Filter>
    </ClCompile>
  </ItemGroup>
  <ItemGroup>
    <CustomBuild Include="C:\projects\nfc_preliminary\adjoint_tests\CMakeLists.txt" />
  </ItemGroup>
  <ItemGroup>
    <Filter Include="Source Files">
      <UniqueIdentifier>{6DC59835-5337-31F1-B70E-625B9B4C18AB}</UniqueIdentifier>
    </Filter>
  </ItemGroup>
</Project>
