
Microsoft Visual Studio Solution File, Format Version 12.00
# Visual Studio Version 17
Project("{8BC9CEB8-8B4A-11D0-8D11-00A0C91BC942}") = "ALL_BUILD", "ALL_BUILD.vcxproj", "{B806157A-6087-3499-960D-590273F78AC1}"
	ProjectSection(ProjectDependencies) = postProject
		{14BBEA8E-17E8-3BB9-A8F9-1F2B2AA2EF2E} = {14BBEA8E-17E8-3BB9-A8F9-1F2B2AA2EF2E}
		{B0364C01-F1CC-3FF9-A95E-C1EC947FFA95} = {B0364C01-F1CC-3FF9-A95E-C1EC947FFA95}
		{538D7E5C-EF5F-3E87-82F8-F0EE686D82C4} = {538D7E5C-EF5F-3E87-82F8-F0EE686D82C4}
		{E3C7D54C-A94E-3B6F-8DAA-43FF56B4F937} = {E3C7D54C-A94E-3B6F-8DAA-43FF56B4F937}
		{6065FCF7-A89C-3393-8C8B-1C641A635A66} = {6065FCF7-A89C-3393-8C8B-1C641A635A66}
		{DCDEAA7B-4FCA-3A49-940F-A17218FA6694} = {DCDEAA7B-4FCA-3A49-940F-A17218FA6694}
		{125E00C6-B2E1-3BAE-849F-ECD5FF85942C} = {125E00C6-B2E1-3BAE-849F-ECD5FF85942C}
		{3B3D0EC3-EB50-30BA-84C4-13131A986003} = {3B3D0EC3-EB50-30BA-84C4-13131A986003}
		{EF5A96A3-CF01-30E0-9BF9-C39CC9CD3D10} = {EF5A96A3-CF01-30E0-9BF9-C39CC9CD3D10}
		{E46F7257-60EA-36C5-AAAB-51BDB017B910} = {E46F7257-60EA-36C5-AAAB-51BDB017B910}
		{0526D867-D286-3C29-99A9-DA8B60AC0746} = {0526D867-D286-3C29-99A9-DA8B60AC0746}
		{97E64CAA-CA8A-3287-97D0-480DC82D2625} = {97E64CAA-CA8A-3287-97D0-480DC82D2625}
		{63E71BBF-C3FB-3649-93F7-0E797FDE7B2D} = {63E71BBF-C3FB-3649-93F7-0E797FDE7B2D}
		{A1681D14-BBC4-31AE-A500-CC9439EC0D9C} = {A1681D14-BBC4-31AE-A500-CC9439EC0D9C}
		{ED8DFFF4-D7F8-37DE-9AB2-C6E677445ECC} = {ED8DFFF4-D7F8-37DE-9AB2-C6E677445ECC}
		{D7E6E082-09A5-3D69-9955-6600ED670D6C} = {D7E6E082-09A5-3D69-9955-6600ED670D6C}
		{299B83C6-562C-3572-8E96-2EFC73718EEB} = {299B83C6-562C-3572-8E96-2EFC73718EEB}
		{BE43B3E7-E034-3DC3-927D-A1D670ED3036} = {BE43B3E7-E034-3DC3-927D-A1D670ED3036}
		{13997DA2-0775-3C77-B413-691C7C25D295} = {13997DA2-0775-3C77-B413-691C7C25D295}
		{2F39716F-D038-39BB-A714-71C5D530ABC8} = {2F39716F-D038-39BB-A714-71C5D530ABC8}
		{A065D048-51A3-383E-BCC6-0A78F039CB64} = {A065D048-51A3-383E-BCC6-0A78F039CB64}
		{D426081C-35F0-3F36-BAD8-82AD7DAE1177} = {D426081C-35F0-3F36-BAD8-82AD7DAE1177}
		{1535B86E-6F7F-311B-B369-EDF27E1C6198} = {1535B86E-6F7F-311B-B369-EDF27E1C6198}
		{00AB34AF-6D5D-340B-AA34-123C3A7C78C7} = {00AB34AF-6D5D-340B-AA34-123C3A7C78C7}
		{72D93629-7986-321F-BF92-37B794BD4FB3} = {72D93629-7986-321F-BF92-37B794BD4FB3}
	EndProjectSection
EndProject
Project("{8BC9CEB8-8B4A-11D0-8D11-00A0C91BC942}") = "0-rotations", "tests\0-rotations.vcxproj", "{14BBEA8E-17E8-3BB9-A8F9-1F2B2AA2EF2E}"
	ProjectSection(ProjectDependencies) = postProject
		{A1681D14-BBC4-31AE-A500-CC9439EC0D9C} = {A1681D14-BBC4-31AE-A500-CC9439EC0D9C}
		{ED8DFFF4-D7F8-37DE-9AB2-C6E677445ECC} = {ED8DFFF4-D7F8-37DE-9AB2-C6E677445ECC}
		{D426081C-35F0-3F36-BAD8-82AD7DAE1177} = {D426081C-35F0-3F36-BAD8-82AD7DAE1177}
	EndProjectSection
EndProject
Project("{8BC9CEB8-8B4A-11D0-8D11-00A0C91BC942}") = "1-Forces_check", "adjoint_tests\1-Forces_check.vcxproj", "{B0364C01-F1CC-3FF9-A95E-C1EC947FFA95}"
	ProjectSection(ProjectDependencies) = postProject
		{A1681D14-BBC4-31AE-A500-CC9439EC0D9C} = {A1681D14-BBC4-31AE-A500-CC9439EC0D9C}
		{ED8DFFF4-D7F8-37DE-9AB2-C6E677445ECC} = {ED8DFFF4-D7F8-37DE-9AB2-C6E677445ECC}
		{D7E6E082-09A5-3D69-9955-6600ED670D6C} = {D7E6E082-09A5-3D69-9955-6600ED670D6C}
	EndProjectSection
EndProject
Project("{8BC9CEB8-8B4A-11D0-8D11-00A0C91BC942}") = "1-takeoff", "tests\1-takeoff.vcxproj", "{538D7E5C-EF5F-3E87-82F8-F0EE686D82C4}"
	ProjectSection(ProjectDependencies) = postProject
		{A1681D14-BBC4-31AE-A500-CC9439EC0D9C} = {A1681D14-BBC4-31AE-A500-CC9439EC0D9C}
		{ED8DFFF4-D7F8-37DE-9AB2-C6E677445ECC} = {ED8DFFF4-D7F8-37DE-9AB2-C6E677445ECC}
		{D426081C-35F0-3F36-BAD8-82AD7DAE1177} = {D426081C-35F0-3F36-BAD8-82AD7DAE1177}
	EndProjectSection
EndProject
Project("{8BC9CEB8-8B4A-11D0-8D11-00A0C91BC942}") = "2-autodiff_vs_centraldiff", "adjoint_tests\2-autodiff_vs_centraldiff.vcxproj", "{E3C7D54C-A94E-3B6F-8DAA-43FF56B4F937}"
	ProjectSection(ProjectDependencies) = postProject
		{A1681D14-BBC4-31AE-A500-CC9439EC0D9C} = {A1681D14-BBC4-31AE-A500-CC9439EC0D9C}
		{ED8DFFF4-D7F8-37DE-9AB2-C6E677445ECC} = {ED8DFFF4-D7F8-37DE-9AB2-C6E677445ECC}
		{D7E6E082-09A5-3D69-9955-6600ED670D6C} = {D7E6E082-09A5-3D69-9955-6600ED670D6C}
	EndProjectSection
EndProject
Project("{8BC9CEB8-8B4A-11D0-8D11-00A0C91BC942}") = "2-climb_const_gamma", "tests\2-climb_const_gamma.vcxproj", "{6065FCF7-A89C-3393-8C8B-1C641A635A66}"
	ProjectSection(ProjectDependencies) = postProject
		{A1681D14-BBC4-31AE-A500-CC9439EC0D9C} = {A1681D14-BBC4-31AE-A500-CC9439EC0D9C}
		{ED8DFFF4-D7F8-37DE-9AB2-C6E677445ECC} = {ED8DFFF4-D7F8-37DE-9AB2-C6E677445ECC}
		{D426081C-35F0-3F36-BAD8-82AD7DAE1177} = {D426081C-35F0-3F36-BAD8-82AD7DAE1177}
	EndProjectSection
EndProject
Project("{8BC9CEB8-8B4A-11D0-8D11-00A0C91BC942}") = "3-Primal-Adjoint-run", "adjoint_tests\3-Primal-Adjoint-run.vcxproj", "{DCDEAA7B-4FCA-3A49-940F-A17218FA6694}"
	ProjectSection(ProjectDependencies) = postProject
		{A1681D14-BBC4-31AE-A500-CC9439EC0D9C} = {A1681D14-BBC4-31AE-A500-CC9439EC0D9C}
		{ED8DFFF4-D7F8-37DE-9AB2-C6E677445ECC} = {ED8DFFF4-D7F8-37DE-9AB2-C6E677445ECC}
		{D7E6E082-09A5-3D69-9955-6600ED670D6C} = {D7E6E082-09A5-3D69-9955-6600ED670D6C}
	EndProjectSection
EndProject
Project("{8BC9CEB8-8B4A-11D0-8D11-00A0C91BC942}") = "3-climb-theta_t", "tests\3-climb-theta_t.vcxproj", "{125E00C6-B2E1-3BAE-849F-ECD5FF85942C}"
	ProjectSection(ProjectDependencies) = postProject
		{A1681D14-BBC4-31AE-A500-CC9439EC0D9C} = {A1681D14-BBC4-31AE-A500-CC9439EC0D9C}
		{ED8DFFF4-D7F8-37DE-9AB2-C6E677445ECC} = {ED8DFFF4-D7F8-37DE-9AB2-C6E677445ECC}
		{D426081C-35F0-3F36-BAD8-82AD7DAE1177} = {D426081C-35F0-3F36-BAD8-82AD7DAE1177}
	EndProjectSection
EndProject
Project("{8BC9CEB8-8B4A-11D0-8D11-00A0C91BC942}") = "4-control-thrust", "tests\4-control-thrust.vcxproj", "{3B3D0EC3-EB50-30BA-84C4-13131A986003}"
	ProjectSection(ProjectDependencies) = postProject
		{A1681D14-BBC4-31AE-A500-CC9439EC0D9C} = {A1681D14-BBC4-31AE-A500-CC9439EC0D9C}
		{ED8DFFF4-D7F8-37DE-9AB2-C6E677445ECC} = {ED8DFFF4-D7F8-37DE-9AB2-C6E677445ECC}
		{D426081C-35F0-3F36-BAD8-82AD7DAE1177} = {D426081C-35F0-3F36-BAD8-82AD7DAE1177}
	EndProjectSection
EndProject
Project("{8BC9CEB8-8B4A-11D0-8D11-00A0C91BC942}") = "4-jacobians", "adjoint_tests\4-jacobians.vcxproj", "{EF5A96A3-CF01-30E0-9BF9-C39CC9CD3D10}"
	ProjectSection(ProjectDependencies) = postProject
		{A1681D14-BBC4-31AE-A500-CC9439EC0D9C} = {A1681D14-BBC4-31AE-A500-CC9439EC0D9C}
		{ED8DFFF4-D7F8-37DE-9AB2-C6E677445ECC} = {ED8DFFF4-D7F8-37DE-9AB2-C6E677445ECC}
		{D7E6E082-09A5-3D69-9955-6600ED670D6C} = {D7E6E082-09A5-3D69-9955-6600ED670D6C}
	EndProjectSection
EndProject
Project("{8BC9CEB8-8B4A-11D0-8D11-00A0C91BC942}") = "5-adjoint-sensitivities", "adjoint_tests\5-adjoint-sensitivities.vcxproj", "{E46F7257-60EA-36C5-AAAB-51BDB017B910}"
	ProjectSection(ProjectDependencies) = postProject
		{A1681D14-BBC4-31AE-A500-CC9439EC0D9C} = {A1681D14-BBC4-31AE-A500-CC9439EC0D9C}
		{ED8DFFF4-D7F8-37DE-9AB2-C6E677445ECC} = {ED8DFFF4-D7F8-37DE-9AB2-C6E677445ECC}
		{D7E6E082-09A5-3D69-9955-6600ED670D6C} = {D7E6E082-09A5-3D69-9955-6600ED670D6C}
	EndProjectSection
EndProject
Project("{8BC9CEB8-8B4A-11D0-8D11-00A0C91BC942}") = "5-primal-debug", "tests\5-primal-debug.vcxproj", "{0526D867-D286-3C29-99A9-DA8B60AC0746}"
	ProjectSection(ProjectDependencies) = postProject
		{A1681D14-BBC4-31AE-A500-CC9439EC0D9C} = {A1681D14-BBC4-31AE-A500-CC9439EC0D9C}
		{ED8DFFF4-D7F8-37DE-9AB2-C6E677445ECC} = {ED8DFFF4-D7F8-37DE-9AB2-C6E677445ECC}
		{D426081C-35F0-3F36-BAD8-82AD7DAE1177} = {D426081C-35F0-3F36-BAD8-82AD7DAE1177}
	EndProjectSection
EndProject
Project("{8BC9CEB8-8B4A-11D0-8D11-00A0C91BC942}") = "6-optimization-climb", "adjoint_tests\6-optimization-climb.vcxproj", "{97E64CAA-CA8A-3287-97D0-480DC82D2625}"
	ProjectSection(ProjectDependencies) = postProject
		{A1681D14-BBC4-31AE-A500-CC9439EC0D9C} = {A1681D14-BBC4-31AE-A500-CC9439EC0D9C}
		{ED8DFFF4-D7F8-37DE-9AB2-C6E677445ECC} = {ED8DFFF4-D7F8-37DE-9AB2-C6E677445ECC}
		{D7E6E082-09A5-3D69-9955-6600ED670D6C} = {D7E6E082-09A5-3D69-9955-6600ED670D6C}
	EndProjectSection
EndProject
Project("{8BC9CEB8-8B4A-11D0-8D11-00A0C91BC942}") = "7-debug-primal", "adjoint_tests\7-debug-primal.vcxproj", "{63E71BBF-C3FB-3649-93F7-0E797FDE7B2D}"
	ProjectSection(ProjectDependencies) = postProject
		{A1681D14-BBC4-31AE-A500-CC9439EC0D9C} = {A1681D14-BBC4-31AE-A500-CC9439EC0D9C}
		{ED8DFFF4-D7F8-37DE-9AB2-C6E677445ECC} = {ED8DFFF4-D7F8-37DE-9AB2-C6E677445ECC}
		{D7E6E082-09A5-3D69-9955-6600ED670D6C} = {D7E6E082-09A5-3D69-9955-6600ED670D6C}
	EndProjectSection
EndProject
Project("{8BC9CEB8-8B4A-11D0-8D11-00A0C91BC942}") = "ZERO_CHECK", "ZERO_CHECK.vcxproj", "{A1681D14-BBC4-31AE-A500-CC9439EC0D9C}"
	ProjectSection(ProjectDependencies) = postProject
	EndProjectSection
EndProject
Project("{8BC9CEB8-8B4A-11D0-8D11-00A0C91BC942}") = "aero", "Source\aero.vcxproj", "{ED8DFFF4-D7F8-37DE-9AB2-C6E677445ECC}"
	ProjectSection(ProjectDependencies) = postProject
		{A1681D14-BBC4-31AE-A500-CC9439EC0D9C} = {A1681D14-BBC4-31AE-A500-CC9439EC0D9C}
	EndProjectSection
EndProject
Project("{8BC9CEB8-8B4A-11D0-8D11-00A0C91BC942}") = "aero_adjoint", "Source\adjoint\aero_adjoint.vcxproj", "{D7E6E082-09A5-3D69-9955-6600ED670D6C}"
	ProjectSection(ProjectDependencies) = postProject
		{A1681D14-BBC4-31AE-A500-CC9439EC0D9C} = {A1681D14-BBC4-31AE-A500-CC9439EC0D9C}
		{ED8DFFF4-D7F8-37DE-9AB2-C6E677445ECC} = {ED8DFFF4-D7F8-37DE-9AB2-C6E677445ECC}
	EndProjectSection
EndProject
Project("{8BC9CEB8-8B4A-11D0-8D11-00A0C91BC942}") = "class_UAV", "tests\class_UAV.vcxproj", "{299B83C6-562C-3572-8E96-2EFC73718EEB}"
	ProjectSection(ProjectDependencies) = postProject
		{A1681D14-BBC4-31AE-A500-CC9439EC0D9C} = {A1681D14-BBC4-31AE-A500-CC9439EC0D9C}
		{ED8DFFF4-D7F8-37DE-9AB2-C6E677445ECC} = {ED8DFFF4-D7F8-37DE-9AB2-C6E677445ECC}
		{D426081C-35F0-3F36-BAD8-82AD7DAE1177} = {D426081C-35F0-3F36-BAD8-82AD7DAE1177}
	EndProjectSection
EndProject
Project("{8BC9CEB8-8B4A-11D0-8D11-00A0C91BC942}") = "class_aerodynamics", "tests\class_aerodynamics.vcxproj", "{BE43B3E7-E034-3DC3-927D-A1D670ED3036}"
	ProjectSection(ProjectDependencies) = postProject
		{A1681D14-BBC4-31AE-A500-CC9439EC0D9C} = {A1681D14-BBC4-31AE-A500-CC9439EC0D9C}
		{ED8DFFF4-D7F8-37DE-9AB2-C6E677445ECC} = {ED8DFFF4-D7F8-37DE-9AB2-C6E677445ECC}
		{D426081C-35F0-3F36-BAD8-82AD7DAE1177} = {D426081C-35F0-3F36-BAD8-82AD7DAE1177}
	EndProjectSection
EndProject
Project("{8BC9CEB8-8B4A-11D0-8D11-00A0C91BC942}") = "endurance_example", "main_executables\endurance_example.vcxproj", "{13997DA2-0775-3C77-B413-691C7C25D295}"
	ProjectSection(ProjectDependencies) = postProject
		{A1681D14-BBC4-31AE-A500-CC9439EC0D9C} = {A1681D14-BBC4-31AE-A500-CC9439EC0D9C}
		{ED8DFFF4-D7F8-37DE-9AB2-C6E677445ECC} = {ED8DFFF4-D7F8-37DE-9AB2-C6E677445ECC}
		{D7E6E082-09A5-3D69-9955-6600ED670D6C} = {D7E6E082-09A5-3D69-9955-6600ED670D6C}
		{D426081C-35F0-3F36-BAD8-82AD7DAE1177} = {D426081C-35F0-3F36-BAD8-82AD7DAE1177}
	EndProjectSection
EndProject
Project("{8BC9CEB8-8B4A-11D0-8D11-00A0C91BC942}") = "main", "main_executables\main.vcxproj", "{2F39716F-D038-39BB-A714-71C5D530ABC8}"
	ProjectSection(ProjectDependencies) = postProject
		{A1681D14-BBC4-31AE-A500-CC9439EC0D9C} = {A1681D14-BBC4-31AE-A500-CC9439EC0D9C}
		{ED8DFFF4-D7F8-37DE-9AB2-C6E677445ECC} = {ED8DFFF4-D7F8-37DE-9AB2-C6E677445ECC}
		{D7E6E082-09A5-3D69-9955-6600ED670D6C} = {D7E6E082-09A5-3D69-9955-6600ED670D6C}
		{D426081C-35F0-3F36-BAD8-82AD7DAE1177} = {D426081C-35F0-3F36-BAD8-82AD7DAE1177}
	EndProjectSection
EndProject
Project("{8BC9CEB8-8B4A-11D0-8D11-00A0C91BC942}") = "maneuver_example", "main_executables\maneuver_example.vcxproj", "{A065D048-51A3-383E-BCC6-0A78F039CB64}"
	ProjectSection(ProjectDependencies) = postProject
		{A1681D14-BBC4-31AE-A500-CC9439EC0D9C} = {A1681D14-BBC4-31AE-A500-CC9439EC0D9C}
		{ED8DFFF4-D7F8-37DE-9AB2-C6E677445ECC} = {ED8DFFF4-D7F8-37DE-9AB2-C6E677445ECC}
		{D7E6E082-09A5-3D69-9955-6600ED670D6C} = {D7E6E082-09A5-3D69-9955-6600ED670D6C}
		{D426081C-35F0-3F36-BAD8-82AD7DAE1177} = {D426081C-35F0-3F36-BAD8-82AD7DAE1177}
	EndProjectSection
EndProject
Project("{8BC9CEB8-8B4A-11D0-8D11-00A0C91BC942}") = "nfc", "Source\nfc.vcxproj", "{D426081C-35F0-3F36-BAD8-82AD7DAE1177}"
	ProjectSection(ProjectDependencies) = postProject
		{A1681D14-BBC4-31AE-A500-CC9439EC0D9C} = {A1681D14-BBC4-31AE-A500-CC9439EC0D9C}
	EndProjectSection
EndProject
Project("{8BC9CEB8-8B4A-11D0-8D11-00A0C91BC942}") = "simulation_1", "main_executables\simulation_1.vcxproj", "{1535B86E-6F7F-311B-B369-EDF27E1C6198}"
	ProjectSection(ProjectDependencies) = postProject
		{A1681D14-BBC4-31AE-A500-CC9439EC0D9C} = {A1681D14-BBC4-31AE-A500-CC9439EC0D9C}
		{ED8DFFF4-D7F8-37DE-9AB2-C6E677445ECC} = {ED8DFFF4-D7F8-37DE-9AB2-C6E677445ECC}
		{D7E6E082-09A5-3D69-9955-6600ED670D6C} = {D7E6E082-09A5-3D69-9955-6600ED670D6C}
		{D426081C-35F0-3F36-BAD8-82AD7DAE1177} = {D426081C-35F0-3F36-BAD8-82AD7DAE1177}
	EndProjectSection
EndProject
Project("{8BC9CEB8-8B4A-11D0-8D11-00A0C91BC942}") = "test0_aerodynamics", "tests\test0_aerodynamics.vcxproj", "{00AB34AF-6D5D-340B-AA34-123C3A7C78C7}"
	ProjectSection(ProjectDependencies) = postProject
		{A1681D14-BBC4-31AE-A500-CC9439EC0D9C} = {A1681D14-BBC4-31AE-A500-CC9439EC0D9C}
		{ED8DFFF4-D7F8-37DE-9AB2-C6E677445ECC} = {ED8DFFF4-D7F8-37DE-9AB2-C6E677445ECC}
		{D426081C-35F0-3F36-BAD8-82AD7DAE1177} = {D426081C-35F0-3F36-BAD8-82AD7DAE1177}
	EndProjectSection
EndProject
Project("{8BC9CEB8-8B4A-11D0-8D11-00A0C91BC942}") = "test1_aerodynamics", "tests\test1_aerodynamics.vcxproj", "{72D93629-7986-321F-BF92-37B794BD4FB3}"
	ProjectSection(ProjectDependencies) = postProject
		{A1681D14-BBC4-31AE-A500-CC9439EC0D9C} = {A1681D14-BBC4-31AE-A500-CC9439EC0D9C}
		{ED8DFFF4-D7F8-37DE-9AB2-C6E677445ECC} = {ED8DFFF4-D7F8-37DE-9AB2-C6E677445ECC}
		{D426081C-35F0-3F36-BAD8-82AD7DAE1177} = {D426081C-35F0-3F36-BAD8-82AD7DAE1177}
	EndProjectSection
EndProject
Global
	GlobalSection(SolutionConfigurationPlatforms) = preSolution
		Debug|x64 = Debug|x64
		Release|x64 = Release|x64
		MinSizeRel|x64 = MinSizeRel|x64
		RelWithDebInfo|x64 = RelWithDebInfo|x64
	EndGlobalSection
	GlobalSection(ProjectConfigurationPlatforms) = postSolution
		{B806157A-6087-3499-960D-590273F78AC1}.Debug|x64.ActiveCfg = Debug|x64
		{B806157A-6087-3499-960D-590273F78AC1}.Release|x64.ActiveCfg = Release|x64
		{B806157A-6087-3499-960D-590273F78AC1}.MinSizeRel|x64.ActiveCfg = MinSizeRel|x64
		{B806157A-6087-3499-960D-590273F78AC1}.RelWithDebInfo|x64.ActiveCfg = RelWithDebInfo|x64
		{14BBEA8E-17E8-3BB9-A8F9-1F2B2AA2EF2E}.Debug|x64.ActiveCfg = Debug|x64
		{14BBEA8E-17E8-3BB9-A8F9-1F2B2AA2EF2E}.Debug|x64.Build.0 = Debug|x64
		{14BBEA8E-17E8-3BB9-A8F9-1F2B2AA2EF2E}.Release|x64.ActiveCfg = Release|x64
		{14BBEA8E-17E8-3BB9-A8F9-1F2B2AA2EF2E}.Release|x64.Build.0 = Release|x64
		{14BBEA8E-17E8-3BB9-A8F9-1F2B2AA2EF2E}.MinSizeRel|x64.ActiveCfg = MinSizeRel|x64
		{14BBEA8E-17E8-3BB9-A8F9-1F2B2AA2EF2E}.MinSizeRel|x64.Build.0 = MinSizeRel|x64
		{14BBEA8E-17E8-3BB9-A8F9-1F2B2AA2EF2E}.RelWithDebInfo|x64.ActiveCfg = RelWithDebInfo|x64
		{14BBEA8E-17E8-3BB9-A8F9-1F2B2AA2EF2E}.RelWithDebInfo|x64.Build.0 = RelWithDebInfo|x64
		{B0364C01-F1CC-3FF9-A95E-C1EC947FFA95}.Debug|x64.ActiveCfg = Debug|x64
		{B0364C01-F1CC-3FF9-A95E-C1EC947FFA95}.Debug|x64.Build.0 = Debug|x64
		{B0364C01-F1CC-3FF9-A95E-C1EC947FFA95}.Release|x64.ActiveCfg = Release|x64
		{B0364C01-F1CC-3FF9-A95E-C1EC947FFA95}.Release|x64.Build.0 = Release|x64
		{B0364C01-F1CC-3FF9-A95E-C1EC947FFA95}.MinSizeRel|x64.ActiveCfg = MinSizeRel|x64
		{B0364C01-F1CC-3FF9-A95E-C1EC947FFA95}.MinSizeRel|x64.Build.0 = MinSizeRel|x64
		{B0364C01-F1CC-3FF9-A95E-C1EC947FFA95}.RelWithDebInfo|x64.ActiveCfg = RelWithDebInfo|x64
		{B0364C01-F1CC-3FF9-A95E-C1EC947FFA95}.RelWithDebInfo|x64.Build.0 = RelWithDebInfo|x64
		{538D7E5C-EF5F-3E87-82F8-F0EE686D82C4}.Debug|x64.ActiveCfg = Debug|x64
		{538D7E5C-EF5F-3E87-82F8-F0EE686D82C4}.Debug|x64.Build.0 = Debug|x64
		{538D7E5C-EF5F-3E87-82F8-F0EE686D82C4}.Release|x64.ActiveCfg = Release|x64
		{538D7E5C-EF5F-3E87-82F8-F0EE686D82C4}.Release|x64.Build.0 = Release|x64
		{538D7E5C-EF5F-3E87-82F8-F0EE686D82C4}.MinSizeRel|x64.ActiveCfg = MinSizeRel|x64
		{538D7E5C-EF5F-3E87-82F8-F0EE686D82C4}.MinSizeRel|x64.Build.0 = MinSizeRel|x64
		{538D7E5C-EF5F-3E87-82F8-F0EE686D82C4}.RelWithDebInfo|x64.ActiveCfg = RelWithDebInfo|x64
		{538D7E5C-EF5F-3E87-82F8-F0EE686D82C4}.RelWithDebInfo|x64.Build.0 = RelWithDebInfo|x64
		{E3C7D54C-A94E-3B6F-8DAA-43FF56B4F937}.Debug|x64.ActiveCfg = Debug|x64
		{E3C7D54C-A94E-3B6F-8DAA-43FF56B4F937}.Debug|x64.Build.0 = Debug|x64
		{E3C7D54C-A94E-3B6F-8DAA-43FF56B4F937}.Release|x64.ActiveCfg = Release|x64
		{E3C7D54C-A94E-3B6F-8DAA-43FF56B4F937}.Release|x64.Build.0 = Release|x64
		{E3C7D54C-A94E-3B6F-8DAA-43FF56B4F937}.MinSizeRel|x64.ActiveCfg = MinSizeRel|x64
		{E3C7D54C-A94E-3B6F-8DAA-43FF56B4F937}.MinSizeRel|x64.Build.0 = MinSizeRel|x64
		{E3C7D54C-A94E-3B6F-8DAA-43FF56B4F937}.RelWithDebInfo|x64.ActiveCfg = RelWithDebInfo|x64
		{E3C7D54C-A94E-3B6F-8DAA-43FF56B4F937}.RelWithDebInfo|x64.Build.0 = RelWithDebInfo|x64
		{6065FCF7-A89C-3393-8C8B-1C641A635A66}.Debug|x64.ActiveCfg = Debug|x64
		{6065FCF7-A89C-3393-8C8B-1C641A635A66}.Debug|x64.Build.0 = Debug|x64
		{6065FCF7-A89C-3393-8C8B-1C641A635A66}.Release|x64.ActiveCfg = Release|x64
		{6065FCF7-A89C-3393-8C8B-1C641A635A66}.Release|x64.Build.0 = Release|x64
		{6065FCF7-A89C-3393-8C8B-1C641A635A66}.MinSizeRel|x64.ActiveCfg = MinSizeRel|x64
		{6065FCF7-A89C-3393-8C8B-1C641A635A66}.MinSizeRel|x64.Build.0 = MinSizeRel|x64
		{6065FCF7-A89C-3393-8C8B-1C641A635A66}.RelWithDebInfo|x64.ActiveCfg = RelWithDebInfo|x64
		{6065FCF7-A89C-3393-8C8B-1C641A635A66}.RelWithDebInfo|x64.Build.0 = RelWithDebInfo|x64
		{DCDEAA7B-4FCA-3A49-940F-A17218FA6694}.Debug|x64.ActiveCfg = Debug|x64
		{DCDEAA7B-4FCA-3A49-940F-A17218FA6694}.Debug|x64.Build.0 = Debug|x64
		{DCDEAA7B-4FCA-3A49-940F-A17218FA6694}.Release|x64.ActiveCfg = Release|x64
		{DCDEAA7B-4FCA-3A49-940F-A17218FA6694}.Release|x64.Build.0 = Release|x64
		{DCDEAA7B-4FCA-3A49-940F-A17218FA6694}.MinSizeRel|x64.ActiveCfg = MinSizeRel|x64
		{DCDEAA7B-4FCA-3A49-940F-A17218FA6694}.MinSizeRel|x64.Build.0 = MinSizeRel|x64
		{DCDEAA7B-4FCA-3A49-940F-A17218FA6694}.RelWithDebInfo|x64.ActiveCfg = RelWithDebInfo|x64
		{DCDEAA7B-4FCA-3A49-940F-A17218FA6694}.RelWithDebInfo|x64.Build.0 = RelWithDebInfo|x64
		{125E00C6-B2E1-3BAE-849F-ECD5FF85942C}.Debug|x64.ActiveCfg = Debug|x64
		{125E00C6-B2E1-3BAE-849F-ECD5FF85942C}.Debug|x64.Build.0 = Debug|x64
		{125E00C6-B2E1-3BAE-849F-ECD5FF85942C}.Release|x64.ActiveCfg = Release|x64
		{125E00C6-B2E1-3BAE-849F-ECD5FF85942C}.Release|x64.Build.0 = Release|x64
		{125E00C6-B2E1-3BAE-849F-ECD5FF85942C}.MinSizeRel|x64.ActiveCfg = MinSizeRel|x64
		{125E00C6-B2E1-3BAE-849F-ECD5FF85942C}.MinSizeRel|x64.Build.0 = MinSizeRel|x64
		{125E00C6-B2E1-3BAE-849F-ECD5FF85942C}.RelWithDebInfo|x64.ActiveCfg = RelWithDebInfo|x64
		{125E00C6-B2E1-3BAE-849F-ECD5FF85942C}.RelWithDebInfo|x64.Build.0 = RelWithDebInfo|x64
		{3B3D0EC3-EB50-30BA-84C4-13131A986003}.Debug|x64.ActiveCfg = Debug|x64
		{3B3D0EC3-EB50-30BA-84C4-13131A986003}.Debug|x64.Build.0 = Debug|x64
		{3B3D0EC3-EB50-30BA-84C4-13131A986003}.Release|x64.ActiveCfg = Release|x64
		{3B3D0EC3-EB50-30BA-84C4-13131A986003}.Release|x64.Build.0 = Release|x64
		{3B3D0EC3-EB50-30BA-84C4-13131A986003}.MinSizeRel|x64.ActiveCfg = MinSizeRel|x64
		{3B3D0EC3-EB50-30BA-84C4-13131A986003}.MinSizeRel|x64.Build.0 = MinSizeRel|x64
		{3B3D0EC3-EB50-30BA-84C4-13131A986003}.RelWithDebInfo|x64.ActiveCfg = RelWithDebInfo|x64
		{3B3D0EC3-EB50-30BA-84C4-13131A986003}.RelWithDebInfo|x64.Build.0 = RelWithDebInfo|x64
		{EF5A96A3-CF01-30E0-9BF9-C39CC9CD3D10}.Debug|x64.ActiveCfg = Debug|x64
		{EF5A96A3-CF01-30E0-9BF9-C39CC9CD3D10}.Debug|x64.Build.0 = Debug|x64
		{EF5A96A3-CF01-30E0-9BF9-C39CC9CD3D10}.Release|x64.ActiveCfg = Release|x64
		{EF5A96A3-CF01-30E0-9BF9-C39CC9CD3D10}.Release|x64.Build.0 = Release|x64
		{EF5A96A3-CF01-30E0-9BF9-C39CC9CD3D10}.MinSizeRel|x64.ActiveCfg = MinSizeRel|x64
		{EF5A96A3-CF01-30E0-9BF9-C39CC9CD3D10}.MinSizeRel|x64.Build.0 = MinSizeRel|x64
		{EF5A96A3-CF01-30E0-9BF9-C39CC9CD3D10}.RelWithDebInfo|x64.ActiveCfg = RelWithDebInfo|x64
		{EF5A96A3-CF01-30E0-9BF9-C39CC9CD3D10}.RelWithDebInfo|x64.Build.0 = RelWithDebInfo|x64
		{E46F7257-60EA-36C5-AAAB-51BDB017B910}.Debug|x64.ActiveCfg = Debug|x64
		{E46F7257-60EA-36C5-AAAB-51BDB017B910}.Debug|x64.Build.0 = Debug|x64
		{E46F7257-60EA-36C5-AAAB-51BDB017B910}.Release|x64.ActiveCfg = Release|x64
		{E46F7257-60EA-36C5-AAAB-51BDB017B910}.Release|x64.Build.0 = Release|x64
		{E46F7257-60EA-36C5-AAAB-51BDB017B910}.MinSizeRel|x64.ActiveCfg = MinSizeRel|x64
		{E46F7257-60EA-36C5-AAAB-51BDB017B910}.MinSizeRel|x64.Build.0 = MinSizeRel|x64
		{E46F7257-60EA-36C5-AAAB-51BDB017B910}.RelWithDebInfo|x64.ActiveCfg = RelWithDebInfo|x64
		{E46F7257-60EA-36C5-AAAB-51BDB017B910}.RelWithDebInfo|x64.Build.0 = RelWithDebInfo|x64
		{0526D867-D286-3C29-99A9-DA8B60AC0746}.Debug|x64.ActiveCfg = Debug|x64
		{0526D867-D286-3C29-99A9-DA8B60AC0746}.Debug|x64.Build.0 = Debug|x64
		{0526D867-D286-3C29-99A9-DA8B60AC0746}.Release|x64.ActiveCfg = Release|x64
		{0526D867-D286-3C29-99A9-DA8B60AC0746}.Release|x64.Build.0 = Release|x64
		{0526D867-D286-3C29-99A9-DA8B60AC0746}.MinSizeRel|x64.ActiveCfg = MinSizeRel|x64
		{0526D867-D286-3C29-99A9-DA8B60AC0746}.MinSizeRel|x64.Build.0 = MinSizeRel|x64
		{0526D867-D286-3C29-99A9-DA8B60AC0746}.RelWithDebInfo|x64.ActiveCfg = RelWithDebInfo|x64
		{0526D867-D286-3C29-99A9-DA8B60AC0746}.RelWithDebInfo|x64.Build.0 = RelWithDebInfo|x64
		{97E64CAA-CA8A-3287-97D0-480DC82D2625}.Debug|x64.ActiveCfg = Debug|x64
		{97E64CAA-CA8A-3287-97D0-480DC82D2625}.Debug|x64.Build.0 = Debug|x64
		{97E64CAA-CA8A-3287-97D0-480DC82D2625}.Release|x64.ActiveCfg = Release|x64
		{97E64CAA-CA8A-3287-97D0-480DC82D2625}.Release|x64.Build.0 = Release|x64
		{97E64CAA-CA8A-3287-97D0-480DC82D2625}.MinSizeRel|x64.ActiveCfg = MinSizeRel|x64
		{97E64CAA-CA8A-3287-97D0-480DC82D2625}.MinSizeRel|x64.Build.0 = MinSizeRel|x64
		{97E64CAA-CA8A-3287-97D0-480DC82D2625}.RelWithDebInfo|x64.ActiveCfg = RelWithDebInfo|x64
		{97E64CAA-CA8A-3287-97D0-480DC82D2625}.RelWithDebInfo|x64.Build.0 = RelWithDebInfo|x64
		{63E71BBF-C3FB-3649-93F7-0E797FDE7B2D}.Debug|x64.ActiveCfg = Debug|x64
		{63E71BBF-C3FB-3649-93F7-0E797FDE7B2D}.Debug|x64.Build.0 = Debug|x64
		{63E71BBF-C3FB-3649-93F7-0E797FDE7B2D}.Release|x64.ActiveCfg = Release|x64
		{63E71BBF-C3FB-3649-93F7-0E797FDE7B2D}.Release|x64.Build.0 = Release|x64
		{63E71BBF-C3FB-3649-93F7-0E797FDE7B2D}.MinSizeRel|x64.ActiveCfg = MinSizeRel|x64
		{63E71BBF-C3FB-3649-93F7-0E797FDE7B2D}.MinSizeRel|x64.Build.0 = MinSizeRel|x64
		{63E71BBF-C3FB-3649-93F7-0E797FDE7B2D}.RelWithDebInfo|x64.ActiveCfg = RelWithDebInfo|x64
		{63E71BBF-C3FB-3649-93F7-0E797FDE7B2D}.RelWithDebInfo|x64.Build.0 = RelWithDebInfo|x64
		{A1681D14-BBC4-31AE-A500-CC9439EC0D9C}.Debug|x64.ActiveCfg = Debug|x64
		{A1681D14-BBC4-31AE-A500-CC9439EC0D9C}.Debug|x64.Build.0 = Debug|x64
		{A1681D14-BBC4-31AE-A500-CC9439EC0D9C}.Release|x64.ActiveCfg = Release|x64
		{A1681D14-BBC4-31AE-A500-CC9439EC0D9C}.Release|x64.Build.0 = Release|x64
		{A1681D14-BBC4-31AE-A500-CC9439EC0D9C}.MinSizeRel|x64.ActiveCfg = MinSizeRel|x64
		{A1681D14-BBC4-31AE-A500-CC9439EC0D9C}.MinSizeRel|x64.Build.0 = MinSizeRel|x64
		{A1681D14-BBC4-31AE-A500-CC9439EC0D9C}.RelWithDebInfo|x64.ActiveCfg = RelWithDebInfo|x64
		{A1681D14-BBC4-31AE-A500-CC9439EC0D9C}.RelWithDebInfo|x64.Build.0 = RelWithDebInfo|x64
		{ED8DFFF4-D7F8-37DE-9AB2-C6E677445ECC}.Debug|x64.ActiveCfg = Debug|x64
		{ED8DFFF4-D7F8-37DE-9AB2-C6E677445ECC}.Debug|x64.Build.0 = Debug|x64
		{ED8DFFF4-D7F8-37DE-9AB2-C6E677445ECC}.Release|x64.ActiveCfg = Release|x64
		{ED8DFFF4-D7F8-37DE-9AB2-C6E677445ECC}.Release|x64.Build.0 = Release|x64
		{ED8DFFF4-D7F8-37DE-9AB2-C6E677445ECC}.MinSizeRel|x64.ActiveCfg = MinSizeRel|x64
		{ED8DFFF4-D7F8-37DE-9AB2-C6E677445ECC}.MinSizeRel|x64.Build.0 = MinSizeRel|x64
		{ED8DFFF4-D7F8-37DE-9AB2-C6E677445ECC}.RelWithDebInfo|x64.ActiveCfg = RelWithDebInfo|x64
		{ED8DFFF4-D7F8-37DE-9AB2-C6E677445ECC}.RelWithDebInfo|x64.Build.0 = RelWithDebInfo|x64
		{D7E6E082-09A5-3D69-9955-6600ED670D6C}.Debug|x64.ActiveCfg = Debug|x64
		{D7E6E082-09A5-3D69-9955-6600ED670D6C}.Debug|x64.Build.0 = Debug|x64
		{D7E6E082-09A5-3D69-9955-6600ED670D6C}.Release|x64.ActiveCfg = Release|x64
		{D7E6E082-09A5-3D69-9955-6600ED670D6C}.Release|x64.Build.0 = Release|x64
		{D7E6E082-09A5-3D69-9955-6600ED670D6C}.MinSizeRel|x64.ActiveCfg = MinSizeRel|x64
		{D7E6E082-09A5-3D69-9955-6600ED670D6C}.MinSizeRel|x64.Build.0 = MinSizeRel|x64
		{D7E6E082-09A5-3D69-9955-6600ED670D6C}.RelWithDebInfo|x64.ActiveCfg = RelWithDebInfo|x64
		{D7E6E082-09A5-3D69-9955-6600ED670D6C}.RelWithDebInfo|x64.Build.0 = RelWithDebInfo|x64
		{299B83C6-562C-3572-8E96-2EFC73718EEB}.Debug|x64.ActiveCfg = Debug|x64
		{299B83C6-562C-3572-8E96-2EFC73718EEB}.Debug|x64.Build.0 = Debug|x64
		{299B83C6-562C-3572-8E96-2EFC73718EEB}.Release|x64.ActiveCfg = Release|x64
		{299B83C6-562C-3572-8E96-2EFC73718EEB}.Release|x64.Build.0 = Release|x64
		{299B83C6-562C-3572-8E96-2EFC73718EEB}.MinSizeRel|x64.ActiveCfg = MinSizeRel|x64
		{299B83C6-562C-3572-8E96-2EFC73718EEB}.MinSizeRel|x64.Build.0 = MinSizeRel|x64
		{299B83C6-562C-3572-8E96-2EFC73718EEB}.RelWithDebInfo|x64.ActiveCfg = RelWithDebInfo|x64
		{299B83C6-562C-3572-8E96-2EFC73718EEB}.RelWithDebInfo|x64.Build.0 = RelWithDebInfo|x64
		{BE43B3E7-E034-3DC3-927D-A1D670ED3036}.Debug|x64.ActiveCfg = Debug|x64
		{BE43B3E7-E034-3DC3-927D-A1D670ED3036}.Debug|x64.Build.0 = Debug|x64
		{BE43B3E7-E034-3DC3-927D-A1D670ED3036}.Release|x64.ActiveCfg = Release|x64
		{BE43B3E7-E034-3DC3-927D-A1D670ED3036}.Release|x64.Build.0 = Release|x64
		{BE43B3E7-E034-3DC3-927D-A1D670ED3036}.MinSizeRel|x64.ActiveCfg = MinSizeRel|x64
		{BE43B3E7-E034-3DC3-927D-A1D670ED3036}.MinSizeRel|x64.Build.0 = MinSizeRel|x64
		{BE43B3E7-E034-3DC3-927D-A1D670ED3036}.RelWithDebInfo|x64.ActiveCfg = RelWithDebInfo|x64
		{BE43B3E7-E034-3DC3-927D-A1D670ED3036}.RelWithDebInfo|x64.Build.0 = RelWithDebInfo|x64
		{13997DA2-0775-3C77-B413-691C7C25D295}.Debug|x64.ActiveCfg = Debug|x64
		{13997DA2-0775-3C77-B413-691C7C25D295}.Debug|x64.Build.0 = Debug|x64
		{13997DA2-0775-3C77-B413-691C7C25D295}.Release|x64.ActiveCfg = Release|x64
		{13997DA2-0775-3C77-B413-691C7C25D295}.Release|x64.Build.0 = Release|x64
		{13997DA2-0775-3C77-B413-691C7C25D295}.MinSizeRel|x64.ActiveCfg = MinSizeRel|x64
		{13997DA2-0775-3C77-B413-691C7C25D295}.MinSizeRel|x64.Build.0 = MinSizeRel|x64
		{13997DA2-0775-3C77-B413-691C7C25D295}.RelWithDebInfo|x64.ActiveCfg = RelWithDebInfo|x64
		{13997DA2-0775-3C77-B413-691C7C25D295}.RelWithDebInfo|x64.Build.0 = RelWithDebInfo|x64
		{2F39716F-D038-39BB-A714-71C5D530ABC8}.Debug|x64.ActiveCfg = Debug|x64
		{2F39716F-D038-39BB-A714-71C5D530ABC8}.Debug|x64.Build.0 = Debug|x64
		{2F39716F-D038-39BB-A714-71C5D530ABC8}.Release|x64.ActiveCfg = Release|x64
		{2F39716F-D038-39BB-A714-71C5D530ABC8}.Release|x64.Build.0 = Release|x64
		{2F39716F-D038-39BB-A714-71C5D530ABC8}.MinSizeRel|x64.ActiveCfg = MinSizeRel|x64
		{2F39716F-D038-39BB-A714-71C5D530ABC8}.MinSizeRel|x64.Build.0 = MinSizeRel|x64
		{2F39716F-D038-39BB-A714-71C5D530ABC8}.RelWithDebInfo|x64.ActiveCfg = RelWithDebInfo|x64
		{2F39716F-D038-39BB-A714-71C5D530ABC8}.RelWithDebInfo|x64.Build.0 = RelWithDebInfo|x64
		{A065D048-51A3-383E-BCC6-0A78F039CB64}.Debug|x64.ActiveCfg = Debug|x64
		{A065D048-51A3-383E-BCC6-0A78F039CB64}.Debug|x64.Build.0 = Debug|x64
		{A065D048-51A3-383E-BCC6-0A78F039CB64}.Release|x64.ActiveCfg = Release|x64
		{A065D048-51A3-383E-BCC6-0A78F039CB64}.Release|x64.Build.0 = Release|x64
		{A065D048-51A3-383E-BCC6-0A78F039CB64}.MinSizeRel|x64.ActiveCfg = MinSizeRel|x64
		{A065D048-51A3-383E-BCC6-0A78F039CB64}.MinSizeRel|x64.Build.0 = MinSizeRel|x64
		{A065D048-51A3-383E-BCC6-0A78F039CB64}.RelWithDebInfo|x64.ActiveCfg = RelWithDebInfo|x64
		{A065D048-51A3-383E-BCC6-0A78F039CB64}.RelWithDebInfo|x64.Build.0 = RelWithDebInfo|x64
		{D426081C-35F0-3F36-BAD8-82AD7DAE1177}.Debug|x64.ActiveCfg = Debug|x64
		{D426081C-35F0-3F36-BAD8-82AD7DAE1177}.Debug|x64.Build.0 = Debug|x64
		{D426081C-35F0-3F36-BAD8-82AD7DAE1177}.Release|x64.ActiveCfg = Release|x64
		{D426081C-35F0-3F36-BAD8-82AD7DAE1177}.Release|x64.Build.0 = Release|x64
		{D426081C-35F0-3F36-BAD8-82AD7DAE1177}.MinSizeRel|x64.ActiveCfg = MinSizeRel|x64
		{D426081C-35F0-3F36-BAD8-82AD7DAE1177}.MinSizeRel|x64.Build.0 = MinSizeRel|x64
		{D426081C-35F0-3F36-BAD8-82AD7DAE1177}.RelWithDebInfo|x64.ActiveCfg = RelWithDebInfo|x64
		{D426081C-35F0-3F36-BAD8-82AD7DAE1177}.RelWithDebInfo|x64.Build.0 = RelWithDebInfo|x64
		{1535B86E-6F7F-311B-B369-EDF27E1C6198}.Debug|x64.ActiveCfg = Debug|x64
		{1535B86E-6F7F-311B-B369-EDF27E1C6198}.Debug|x64.Build.0 = Debug|x64
		{1535B86E-6F7F-311B-B369-EDF27E1C6198}.Release|x64.ActiveCfg = Release|x64
		{1535B86E-6F7F-311B-B369-EDF27E1C6198}.Release|x64.Build.0 = Release|x64
		{1535B86E-6F7F-311B-B369-EDF27E1C6198}.MinSizeRel|x64.ActiveCfg = MinSizeRel|x64
		{1535B86E-6F7F-311B-B369-EDF27E1C6198}.MinSizeRel|x64.Build.0 = MinSizeRel|x64
		{1535B86E-6F7F-311B-B369-EDF27E1C6198}.RelWithDebInfo|x64.ActiveCfg = RelWithDebInfo|x64
		{1535B86E-6F7F-311B-B369-EDF27E1C6198}.RelWithDebInfo|x64.Build.0 = RelWithDebInfo|x64
		{00AB34AF-6D5D-340B-AA34-123C3A7C78C7}.Debug|x64.ActiveCfg = Debug|x64
		{00AB34AF-6D5D-340B-AA34-123C3A7C78C7}.Debug|x64.Build.0 = Debug|x64
		{00AB34AF-6D5D-340B-AA34-123C3A7C78C7}.Release|x64.ActiveCfg = Release|x64
		{00AB34AF-6D5D-340B-AA34-123C3A7C78C7}.Release|x64.Build.0 = Release|x64
		{00AB34AF-6D5D-340B-AA34-123C3A7C78C7}.MinSizeRel|x64.ActiveCfg = MinSizeRel|x64
		{00AB34AF-6D5D-340B-AA34-123C3A7C78C7}.MinSizeRel|x64.Build.0 = MinSizeRel|x64
		{00AB34AF-6D5D-340B-AA34-123C3A7C78C7}.RelWithDebInfo|x64.ActiveCfg = RelWithDebInfo|x64
		{00AB34AF-6D5D-340B-AA34-123C3A7C78C7}.RelWithDebInfo|x64.Build.0 = RelWithDebInfo|x64
		{72D93629-7986-321F-BF92-37B794BD4FB3}.Debug|x64.ActiveCfg = Debug|x64
		{72D93629-7986-321F-BF92-37B794BD4FB3}.Debug|x64.Build.0 = Debug|x64
		{72D93629-7986-321F-BF92-37B794BD4FB3}.Release|x64.ActiveCfg = Release|x64
		{72D93629-7986-321F-BF92-37B794BD4FB3}.Release|x64.Build.0 = Release|x64
		{72D93629-7986-321F-BF92-37B794BD4FB3}.MinSizeRel|x64.ActiveCfg = MinSizeRel|x64
		{72D93629-7986-321F-BF92-37B794BD4FB3}.MinSizeRel|x64.Build.0 = MinSizeRel|x64
		{72D93629-7986-321F-BF92-37B794BD4FB3}.RelWithDebInfo|x64.ActiveCfg = RelWithDebInfo|x64
		{72D93629-7986-321F-BF92-37B794BD4FB3}.RelWithDebInfo|x64.Build.0 = RelWithDebInfo|x64
	EndGlobalSection
	GlobalSection(ExtensibilityGlobals) = postSolution
		SolutionGuid = {C3D57FA2-6AF9-3F90-AD66-3F8BCD5A8AAC}
	EndGlobalSection
	GlobalSection(ExtensibilityAddIns) = postSolution
	EndGlobalSection
EndGlobal
